Microsoft Visual Studio Solution File, Format Version 11.00
# Visual Studio 2008

Project("{9E1458CD-0F9B-5CB8-9ABE-EED7490F1446}") = "primitives", "Assembly-CSharp.csproj", "{181BDCAB-AB76-5E4C-B32D-4DB2E1CE5E51}"
EndProject
Project("{9E1458CD-0F9B-5CB8-9ABE-EED7490F1446}") = "primitives", "Assembly-CSharp-Editor.csproj", "{B4B83D36-5A98-54A5-73AF-2E9158347738}"
EndProject
Global
	GlobalSection(SolutionConfigurationPlatforms) = preSolution
		Debug|Any CPU = Debug|Any CPU
		Release|Any CPU = Release|Any CPU
	EndGlobalSection
	GlobalSection(ProjectConfigurationPlatforms) = postSolution
		{181BDCAB-AB76-5E4C-B32D-4DB2E1CE5E51}.Debug|Any CPU.ActiveCfg = Debug|Any CPU
		{181BDCAB-AB76-5E4C-B32D-4DB2E1CE5E51}.Debug|Any CPU.Build.0 = Debug|Any CPU
		{181BDCAB-AB76-5E4C-B32D-4DB2E1CE5E51}.Release|Any CPU.ActiveCfg = Release|Any CPU
		{181BDCAB-AB76-5E4C-B32D-4DB2E1CE5E51}.Release|Any CPU.Build.0 = Release|Any CPU
		{B4B83D36-5A98-54A5-73AF-2E9158347738}.Debug|Any CPU.ActiveCfg = Debug|Any CPU
		{B4B83D36-5A98-54A5-73AF-2E9158347738}.Debug|Any CPU.Build.0 = Debug|Any CPU
		{B4B83D36-5A98-54A5-73AF-2E9158347738}.Release|Any CPU.ActiveCfg = Release|Any CPU
		{B4B83D36-5A98-54A5-73AF-2E9158347738}.Release|Any CPU.Build.0 = Release|Any CPU
	EndGlobalSection
	GlobalSection(SolutionProperties) = preSolution
		HideSolutionNode = FALSE
	EndGlobalSection
	GlobalSection(MonoDevelopProperties) = preSolution
		StartupItem = Assembly-CSharp.csproj
	EndGlobalSection
EndGlobal
